
Microsoft Visual Studio Solution File, Format Version 12.00
# Visual Studio Version 17
VisualStudioVersion = 17.6.33723.286
MinimumVisualStudioVersion = 10.0.40219.1
Project("{FAE04EC0-301F-11D3-BF4B-00C04F79EFBC}") = "SAT.UI.MVC", "SAT.UI.MVC\SAT.UI.MVC.csproj", "{31326464-F727-4CFF-985B-D9956866BEE5}"
EndProject
Project("{FAE04EC0-301F-11D3-BF4B-00C04F79EFBC}") = "SAT.DATA.EF", "SAT.DATA.EF\SAT.DATA.EF.csproj", "{786DC8F9-A64B-4508-B811-C622D1E6D625}"
EndProject
Global
	GlobalSection(SolutionConfigurationPlatforms) = preSolution
		Debug|Any CPU = Debug|Any CPU
		Release|Any CPU = Release|Any CPU
	EndGlobalSection
	GlobalSection(ProjectConfigurationPlatforms) = postSolution
		{31326464-F727-4CFF-985B-D9956866BEE5}.Debug|Any CPU.ActiveCfg = Debug|Any CPU
		{31326464-F727-4CFF-985B-D9956866BEE5}.Debug|Any CPU.Build.0 = Debug|Any CPU
		{31326464-F727-4CFF-985B-D9956866BEE5}.Release|Any CPU.ActiveCfg = Release|Any CPU
		{31326464-F727-4CFF-985B-D9956866BEE5}.Release|Any CPU.Build.0 = Release|Any CPU
		{786DC8F9-A64B-4508-B811-C622D1E6D625}.Debug|Any CPU.ActiveCfg = Debug|Any CPU
		{786DC8F9-A64B-4508-B811-C622D1E6D625}.Debug|Any CPU.Build.0 = Debug|Any CPU
		{786DC8F9-A64B-4508-B811-C622D1E6D625}.Release|Any CPU.ActiveCfg = Release|Any CPU
		{786DC8F9-A64B-4508-B811-C622D1E6D625}.Release|Any CPU.Build.0 = Release|Any CPU
	EndGlobalSection
	GlobalSection(SolutionProperties) = preSolution
		HideSolutionNode = FALSE
	EndGlobalSection
	GlobalSection(ExtensibilityGlobals) = postSolution
		SolutionGuid = {3969E203-6AA6-448A-8884-43A4ADFE70C4}
	EndGlobalSection
EndGlobal
